
Microsoft Visual Studio Solution File, Format Version 12.00
# Visual Studio Version 17
VisualStudioVersion = 17.0.31903.59
MinimumVisualStudioVersion = 10.0.40219.1
Project("{2150E333-8FDC-42A3-9474-1A3956D46DE8}") = "src", "src", "{BC99AF68-C847-4555-A89C-F21AC4E34A6A}"
EndProject
Project("{FAE04EC0-301F-11D3-BF4B-00C04F79EFBC}") = "AuctionService", "src\AuctionService\AuctionService.csproj", "{43B9E34D-3EFF-4097-8450-7DF1608FC693}"
EndProject
Project("{FAE04EC0-301F-11D3-BF4B-00C04F79EFBC}") = "SearchService", "src\SearchService\SearchService.csproj", "{8BCF9391-4FE2-4985-A039-826D21656436}"
EndProject
Project("{FAE04EC0-301F-11D3-BF4B-00C04F79EFBC}") = "Contracts", "src\Contracts\Contracts.csproj", "{0CD5DC9C-5EAB-44F8-9EE4-5C26A27B536C}"
EndProject
Project("{FAE04EC0-301F-11D3-BF4B-00C04F79EFBC}") = "IdentityService", "src\IdentityService\IdentityService.csproj", "{820F652F-D7B0-4A05-9651-2BCB28D5C485}"
EndProject
Project("{FAE04EC0-301F-11D3-BF4B-00C04F79EFBC}") = "GatewayService", "src\GatewayService\GatewayService.csproj", "{63CB6827-8AF4-4AAE-972F-3AD9F200C9AE}"
EndProject
Project("{2150E333-8FDC-42A3-9474-1A3956D46DE8}") = "tests", "tests", "{DEDA42CA-8040-43C7-B440-EDFA891F43A0}"
EndProject
Project("{FAE04EC0-301F-11D3-BF4B-00C04F79EFBC}") = "AuctionService.UnitTests", "tests\AuctionService.UnitTests\AuctionService.UnitTests.csproj", "{3AAC1CCE-F53F-4101-A420-2FD331B134CC}"
EndProject
Global
	GlobalSection(SolutionConfigurationPlatforms) = preSolution
		Debug|Any CPU = Debug|Any CPU
		Release|Any CPU = Release|Any CPU
	EndGlobalSection
	GlobalSection(SolutionProperties) = preSolution
		HideSolutionNode = FALSE
	EndGlobalSection
	GlobalSection(ProjectConfigurationPlatforms) = postSolution
		{43B9E34D-3EFF-4097-8450-7DF1608FC693}.Debug|Any CPU.ActiveCfg = Debug|Any CPU
		{43B9E34D-3EFF-4097-8450-7DF1608FC693}.Debug|Any CPU.Build.0 = Debug|Any CPU
		{43B9E34D-3EFF-4097-8450-7DF1608FC693}.Release|Any CPU.ActiveCfg = Release|Any CPU
		{43B9E34D-3EFF-4097-8450-7DF1608FC693}.Release|Any CPU.Build.0 = Release|Any CPU
		{8BCF9391-4FE2-4985-A039-826D21656436}.Debug|Any CPU.ActiveCfg = Debug|Any CPU
		{8BCF9391-4FE2-4985-A039-826D21656436}.Debug|Any CPU.Build.0 = Debug|Any CPU
		{8BCF9391-4FE2-4985-A039-826D21656436}.Release|Any CPU.ActiveCfg = Release|Any CPU
		{8BCF9391-4FE2-4985-A039-826D21656436}.Release|Any CPU.Build.0 = Release|Any CPU
		{0CD5DC9C-5EAB-44F8-9EE4-5C26A27B536C}.Debug|Any CPU.ActiveCfg = Debug|Any CPU
		{0CD5DC9C-5EAB-44F8-9EE4-5C26A27B536C}.Debug|Any CPU.Build.0 = Debug|Any CPU
		{0CD5DC9C-5EAB-44F8-9EE4-5C26A27B536C}.Release|Any CPU.ActiveCfg = Release|Any CPU
		{0CD5DC9C-5EAB-44F8-9EE4-5C26A27B536C}.Release|Any CPU.Build.0 = Release|Any CPU
		{820F652F-D7B0-4A05-9651-2BCB28D5C485}.Debug|Any CPU.ActiveCfg = Debug|Any CPU
		{820F652F-D7B0-4A05-9651-2BCB28D5C485}.Debug|Any CPU.Build.0 = Debug|Any CPU
		{820F652F-D7B0-4A05-9651-2BCB28D5C485}.Release|Any CPU.ActiveCfg = Release|Any CPU
		{820F652F-D7B0-4A05-9651-2BCB28D5C485}.Release|Any CPU.Build.0 = Release|Any CPU
		{63CB6827-8AF4-4AAE-972F-3AD9F200C9AE}.Debug|Any CPU.ActiveCfg = Debug|Any CPU
		{63CB6827-8AF4-4AAE-972F-3AD9F200C9AE}.Debug|Any CPU.Build.0 = Debug|Any CPU
		{63CB6827-8AF4-4AAE-972F-3AD9F200C9AE}.Release|Any CPU.ActiveCfg = Release|Any CPU
		{63CB6827-8AF4-4AAE-972F-3AD9F200C9AE}.Release|Any CPU.Build.0 = Release|Any CPU
		{3AAC1CCE-F53F-4101-A420-2FD331B134CC}.Debug|Any CPU.ActiveCfg = Debug|Any CPU
		{3AAC1CCE-F53F-4101-A420-2FD331B134CC}.Debug|Any CPU.Build.0 = Debug|Any CPU
		{3AAC1CCE-F53F-4101-A420-2FD331B134CC}.Release|Any CPU.ActiveCfg = Release|Any CPU
		{3AAC1CCE-F53F-4101-A420-2FD331B134CC}.Release|Any CPU.Build.0 = Release|Any CPU
	EndGlobalSection
	GlobalSection(NestedProjects) = preSolution
		{43B9E34D-3EFF-4097-8450-7DF1608FC693} = {BC99AF68-C847-4555-A89C-F21AC4E34A6A}
		{8BCF9391-4FE2-4985-A039-826D21656436} = {BC99AF68-C847-4555-A89C-F21AC4E34A6A}
		{0CD5DC9C-5EAB-44F8-9EE4-5C26A27B536C} = {BC99AF68-C847-4555-A89C-F21AC4E34A6A}
		{820F652F-D7B0-4A05-9651-2BCB28D5C485} = {BC99AF68-C847-4555-A89C-F21AC4E34A6A}
		{63CB6827-8AF4-4AAE-972F-3AD9F200C9AE} = {BC99AF68-C847-4555-A89C-F21AC4E34A6A}
		{3AAC1CCE-F53F-4101-A420-2FD331B134CC} = {DEDA42CA-8040-43C7-B440-EDFA891F43A0}
	EndGlobalSection
EndGlobal
